// !$*UTF8*$!
{
	archiveVersion = 1;
	classes = {
	};
	objectVersion = 46;
	objects = {

/* Begin PBXBuildFile section */
		FA043EBC15129899000D5559 /* dsa_pub.pem in Resources */ = {isa = PBXBuildFile; fileRef = FA043EBB15129899000D5559 /* dsa_pub.pem */; };
		FA0E3FB614F2CB5B00DBD9DB /* WebKit.framework in Frameworks */ = {isa = PBXBuildFile; fileRef = FA0E3FB514F2CB5B00DBD9DB /* WebKit.framework */; };
		FA17936C14F690020080BBAF /* Cocoa.framework in Frameworks */ = {isa = PBXBuildFile; fileRef = FA28C29414DB30770026F771 /* Cocoa.framework */; };
		FA17936E14F690020080BBAF /* InstallerPlugins.framework in Frameworks */ = {isa = PBXBuildFile; fileRef = FA17936D14F690020080BBAF /* InstallerPlugins.framework */; };
		FA24281515126A5000882451 /* Sparkle.framework in Frameworks */ = {isa = PBXBuildFile; fileRef = FA24281415126A5000882451 /* Sparkle.framework */; settings = {ATTRIBUTES = (Required, ); }; };
		FA2428201512876200882451 /* Sparkle.framework in CopyFiles */ = {isa = PBXBuildFile; fileRef = FA24281415126A5000882451 /* Sparkle.framework */; settings = {ATTRIBUTES = (CodeSignOnCopy, ); }; };
		FA28C29514DB30770026F771 /* Cocoa.framework in Frameworks */ = {isa = PBXBuildFile; fileRef = FA28C29414DB30770026F771 /* Cocoa.framework */; };
		FA353C3914FD3D4000F7BD36 /* AppDelegate.m in Sources */ = {isa = PBXBuildFile; fileRef = FA353C3214FD3D4000F7BD36 /* AppDelegate.m */; };
		FA353C3A14FD3D4000F7BD36 /* ParseWeb.m in Sources */ = {isa = PBXBuildFile; fileRef = FA353C3414FD3D4000F7BD36 /* ParseWeb.m */; };
		FA353C3B14FD3D4000F7BD36 /* TableViewController.m in Sources */ = {isa = PBXBuildFile; fileRef = FA353C3614FD3D4000F7BD36 /* TableViewController.m */; };
		FA353C3C14FD3D4000F7BD36 /* Torrent.m in Sources */ = {isa = PBXBuildFile; fileRef = FA353C3814FD3D4000F7BD36 /* Torrent.m */; };
		FA353C4214FD3D4C00F7BD36 /* HTMLNode.m in Sources */ = {isa = PBXBuildFile; fileRef = FA353C3F14FD3D4C00F7BD36 /* HTMLNode.m */; };
		FA353C4314FD3D4C00F7BD36 /* HTMLParser.m in Sources */ = {isa = PBXBuildFile; fileRef = FA353C4114FD3D4C00F7BD36 /* HTMLParser.m */; };
		FA353C4714FD3D5800F7BD36 /* main.m in Sources */ = {isa = PBXBuildFile; fileRef = FA353C4414FD3D5800F7BD36 /* main.m */; };
		FA353C4C14FD3D8000F7BD36 /* favicon_dem.png in Resources */ = {isa = PBXBuildFile; fileRef = FA353C4914FD3D8000F7BD36 /* favicon_dem.png */; };
		FA353C4D14FD3D8000F7BD36 /* favicon_tpb.png in Resources */ = {isa = PBXBuildFile; fileRef = FA353C4A14FD3D8000F7BD36 /* favicon_tpb.png */; };
		FA39972A14F3E33A001334C0 /* Credits.rtf in Resources */ = {isa = PBXBuildFile; fileRef = FA39972614F3E33A001334C0 /* Credits.rtf */; };
		FA39972B14F3E33A001334C0 /* InfoPlist.strings in Resources */ = {isa = PBXBuildFile; fileRef = FA39972814F3E33A001334C0 /* InfoPlist.strings */; };
		FA39972E14F3E342001334C0 /* MainMenu.xib in Resources */ = {isa = PBXBuildFile; fileRef = FA39972C14F3E342001334C0 /* MainMenu.xib */; };
		FA6B9C9514EC0AE5006DD9D0 /* libxml2.dylib in Frameworks */ = {isa = PBXBuildFile; fileRef = FA6B9C9414EC0AE5006DD9D0 /* libxml2.dylib */; };
		FA909ACC150A172E0046C653 /* icon.icns in Resources */ = {isa = PBXBuildFile; fileRef = FA909ACB150A172E0046C653 /* icon.icns */; };
		FABD1CD3151553BE00167776 /* Localizable.strings in Resources */ = {isa = PBXBuildFile; fileRef = FABD1CD1151553BE00167776 /* Localizable.strings */; };
/* End PBXBuildFile section */

/* Begin PBXCopyFilesBuildPhase section */
		FA24281F1512873A00882451 /* CopyFiles */ = {
			isa = PBXCopyFilesBuildPhase;
			buildActionMask = 2147483647;
			dstPath = "";
			dstSubfolderSpec = 10;
			files = (
				FA2428201512876200882451 /* Sparkle.framework in CopyFiles */,
			);
			runOnlyForDeploymentPostprocessing = 0;
		};
/* End PBXCopyFilesBuildPhase section */

/* Begin PBXFileReference section */
		FA043EBB15129899000D5559 /* dsa_pub.pem */ = {isa = PBXFileReference; fileEncoding = 4; lastKnownFileType = text; path = dsa_pub.pem; sourceTree = "<group>"; };
		FA0E3FB514F2CB5B00DBD9DB /* WebKit.framework */ = {isa = PBXFileReference; lastKnownFileType = wrapper.framework; name = WebKit.framework; path = System/Library/Frameworks/WebKit.framework; sourceTree = SDKROOT; };
		FA17936B14F690020080BBAF /* TH.bundle */ = {isa = PBXFileReference; explicitFileType = wrapper.cfbundle; includeInIndex = 0; path = TH.bundle; sourceTree = BUILT_PRODUCTS_DIR; };
		FA17936D14F690020080BBAF /* InstallerPlugins.framework */ = {isa = PBXFileReference; lastKnownFileType = wrapper.framework; name = InstallerPlugins.framework; path = System/Library/Frameworks/InstallerPlugins.framework; sourceTree = SDKROOT; };
		FA24281415126A5000882451 /* Sparkle.framework */ = {isa = PBXFileReference; lastKnownFileType = wrapper.framework; path = Sparkle.framework; sourceTree = "<group>"; };
		FA28C29014DB30770026F771 /* Torrent Hunter.app */ = {isa = PBXFileReference; explicitFileType = wrapper.application; includeInIndex = 0; path = "Torrent Hunter.app"; sourceTree = BUILT_PRODUCTS_DIR; };
		FA28C29414DB30770026F771 /* Cocoa.framework */ = {isa = PBXFileReference; lastKnownFileType = wrapper.framework; name = Cocoa.framework; path = System/Library/Frameworks/Cocoa.framework; sourceTree = SDKROOT; };
		FA28C29714DB30770026F771 /* AppKit.framework */ = {isa = PBXFileReference; lastKnownFileType = wrapper.framework; name = AppKit.framework; path = System/Library/Frameworks/AppKit.framework; sourceTree = SDKROOT; };
		FA28C29814DB30770026F771 /* CoreData.framework */ = {isa = PBXFileReference; lastKnownFileType = wrapper.framework; name = CoreData.framework; path = System/Library/Frameworks/CoreData.framework; sourceTree = SDKROOT; };
		FA28C29914DB30770026F771 /* Foundation.framework */ = {isa = PBXFileReference; lastKnownFileType = wrapper.framework; name = Foundation.framework; path = System/Library/Frameworks/Foundation.framework; sourceTree = SDKROOT; };
		FA353C3114FD3D4000F7BD36 /* AppDelegate.h */ = {isa = PBXFileReference; fileEncoding = 4; lastKnownFileType = sourcecode.c.h; name = AppDelegate.h; path = src/AppDelegate.h; sourceTree = "<group>"; };
		FA353C3214FD3D4000F7BD36 /* AppDelegate.m */ = {isa = PBXFileReference; fileEncoding = 4; lastKnownFileType = sourcecode.c.objc; name = AppDelegate.m; path = src/AppDelegate.m; sourceTree = "<group>"; };
		FA353C3314FD3D4000F7BD36 /* ParseWeb.h */ = {isa = PBXFileReference; fileEncoding = 4; lastKnownFileType = sourcecode.c.h; name = ParseWeb.h; path = src/ParseWeb.h; sourceTree = "<group>"; };
		FA353C3414FD3D4000F7BD36 /* ParseWeb.m */ = {isa = PBXFileReference; fileEncoding = 4; lastKnownFileType = sourcecode.c.objc; name = ParseWeb.m; path = src/ParseWeb.m; sourceTree = "<group>"; };
		FA353C3514FD3D4000F7BD36 /* TableViewController.h */ = {isa = PBXFileReference; fileEncoding = 4; lastKnownFileType = sourcecode.c.h; name = TableViewController.h; path = src/TableViewController.h; sourceTree = "<group>"; };
		FA353C3614FD3D4000F7BD36 /* TableViewController.m */ = {isa = PBXFileReference; fileEncoding = 4; lastKnownFileType = sourcecode.c.objc; name = TableViewController.m; path = src/TableViewController.m; sourceTree = "<group>"; };
		FA353C3714FD3D4000F7BD36 /* Torrent.h */ = {isa = PBXFileReference; fileEncoding = 4; lastKnownFileType = sourcecode.c.h; name = Torrent.h; path = src/Torrent.h; sourceTree = "<group>"; };
		FA353C3814FD3D4000F7BD36 /* Torrent.m */ = {isa = PBXFileReference; fileEncoding = 4; lastKnownFileType = sourcecode.c.objc; name = Torrent.m; path = src/Torrent.m; sourceTree = "<group>"; };
		FA353C3E14FD3D4C00F7BD36 /* HTMLNode.h */ = {isa = PBXFileReference; fileEncoding = 4; lastKnownFileType = sourcecode.c.h; name = HTMLNode.h; path = src/HTMLParser/HTMLNode.h; sourceTree = "<group>"; };
		FA353C3F14FD3D4C00F7BD36 /* HTMLNode.m */ = {isa = PBXFileReference; fileEncoding = 4; lastKnownFileType = sourcecode.c.objc; name = HTMLNode.m; path = src/HTMLParser/HTMLNode.m; sourceTree = "<group>"; };
		FA353C4014FD3D4C00F7BD36 /* HTMLParser.h */ = {isa = PBXFileReference; fileEncoding = 4; lastKnownFileType = sourcecode.c.h; name = HTMLParser.h; path = src/HTMLParser/HTMLParser.h; sourceTree = "<group>"; };
		FA353C4114FD3D4C00F7BD36 /* HTMLParser.m */ = {isa = PBXFileReference; fileEncoding = 4; lastKnownFileType = sourcecode.c.objc; name = HTMLParser.m; path = src/HTMLParser/HTMLParser.m; sourceTree = "<group>"; };
		FA353C4414FD3D5800F7BD36 /* main.m */ = {isa = PBXFileReference; fileEncoding = 4; lastKnownFileType = sourcecode.c.objc; name = main.m; path = src/main.m; sourceTree = "<group>"; };
		FA353C4914FD3D8000F7BD36 /* favicon_dem.png */ = {isa = PBXFileReference; lastKnownFileType = image.png; name = favicon_dem.png; path = "Torrent Hunter/Images/favicon_dem.png"; sourceTree = "<group>"; };
		FA353C4A14FD3D8000F7BD36 /* favicon_tpb.png */ = {isa = PBXFileReference; lastKnownFileType = image.png; name = favicon_tpb.png; path = "Torrent Hunter/Images/favicon_tpb.png"; sourceTree = "<group>"; };
		FA353C5014FD3EB500F7BD36 /* Torrent Hunter-Info.plist */ = {isa = PBXFileReference; fileEncoding = 4; lastKnownFileType = text.plist.xml; name = "Torrent Hunter-Info.plist"; path = "Torrent Hunter/Torrent Hunter-Info.plist"; sourceTree = "<group>"; };
		FA353C5114FD3EB500F7BD36 /* Torrent Hunter-Prefix.pch */ = {isa = PBXFileReference; fileEncoding = 4; lastKnownFileType = sourcecode.c.h; path = "Torrent Hunter-Prefix.pch"; sourceTree = "<group>"; };
		FA39972714F3E33A001334C0 /* es */ = {isa = PBXFileReference; lastKnownFileType = text.rtf; name = es; path = es.lproj/Credits.rtf; sourceTree = "<group>"; };
		FA39972914F3E33A001334C0 /* es */ = {isa = PBXFileReference; lastKnownFileType = text.plist.strings; name = es; path = es.lproj/InfoPlist.strings; sourceTree = "<group>"; };
		FA39972D14F3E342001334C0 /* es */ = {isa = PBXFileReference; lastKnownFileType = file.xib; name = es; path = "Torrent Hunter/es.lproj/MainMenu.xib"; sourceTree = "<group>"; };
		FA6B9C9414EC0AE5006DD9D0 /* libxml2.dylib */ = {isa = PBXFileReference; lastKnownFileType = "compiled.mach-o.dylib"; name = libxml2.dylib; path = usr/lib/libxml2.dylib; sourceTree = SDKROOT; };
		FA909ACB150A172E0046C653 /* icon.icns */ = {isa = PBXFileReference; lastKnownFileType = image.icns; path = icon.icns; sourceTree = "<group>"; };
		FA92DC261D353F4A0071562E /* en */ = {isa = PBXFileReference; lastKnownFileType = text.rtf; name = en; path = en.lproj/Credits.rtf; sourceTree = "<group>"; };
		FA92DC271D353F560071562E /* en */ = {isa = PBXFileReference; lastKnownFileType = file.xib; name = en; path = "Torrent Hunter/en.lproj/MainMenu.xib"; sourceTree = "<group>"; };
		FA92DC281D353F680071562E /* en */ = {isa = PBXFileReference; lastKnownFileType = text.plist.strings; name = en; path = en.lproj/InfoPlist.strings; sourceTree = "<group>"; };
		FABD1CD2151553BE00167776 /* en */ = {isa = PBXFileReference; lastKnownFileType = text.plist.strings; name = en; path = en.lproj/Localizable.strings; sourceTree = "<group>"; };
		FABD1CD4151553CD00167776 /* es */ = {isa = PBXFileReference; lastKnownFileType = text.plist.strings; name = es; path = es.lproj/Localizable.strings; sourceTree = "<group>"; };
/* End PBXFileReference section */

/* Begin PBXFrameworksBuildPhase section */
		FA17936814F690020080BBAF /* Frameworks */ = {
			isa = PBXFrameworksBuildPhase;
			buildActionMask = 2147483647;
			files = (
				FA17936C14F690020080BBAF /* Cocoa.framework in Frameworks */,
				FA17936E14F690020080BBAF /* InstallerPlugins.framework in Frameworks */,
			);
			runOnlyForDeploymentPostprocessing = 0;
		};
		FA28C28D14DB30770026F771 /* Frameworks */ = {
			isa = PBXFrameworksBuildPhase;
			buildActionMask = 2147483647;
			files = (
				FA24281515126A5000882451 /* Sparkle.framework in Frameworks */,
				FA0E3FB614F2CB5B00DBD9DB /* WebKit.framework in Frameworks */,
				FA6B9C9514EC0AE5006DD9D0 /* libxml2.dylib in Frameworks */,
				FA28C29514DB30770026F771 /* Cocoa.framework in Frameworks */,
			);
			runOnlyForDeploymentPostprocessing = 0;
		};
/* End PBXFrameworksBuildPhase section */

/* Begin PBXGroup section */
		FA24282115128A0200882451 /* Resources */ = {
			isa = PBXGroup;
			children = (
				FA353C5014FD3EB500F7BD36 /* Torrent Hunter-Info.plist */,
				FA043EBB15129899000D5559 /* dsa_pub.pem */,
			);
			name = Resources;
			sourceTree = "<group>";
		};
		FA28C28514DB30770026F771 = {
			isa = PBXGroup;
			children = (
				FA28C29A14DB30770026F771 /* Torrent Hunter */,
				FA24282115128A0200882451 /* Resources */,
				FAE4E0BC14E177BD0022AF4F /* Other sources */,
				FA28C29314DB30770026F771 /* Frameworks */,
				FA28C29114DB30770026F771 /* Products */,
			);
			sourceTree = "<group>";
		};
		FA28C29114DB30770026F771 /* Products */ = {
			isa = PBXGroup;
			children = (
				FA28C29014DB30770026F771 /* Torrent Hunter.app */,
				FA17936B14F690020080BBAF /* TH.bundle */,
			);
			name = Products;
			sourceTree = "<group>";
		};
		FA28C29314DB30770026F771 /* Frameworks */ = {
			isa = PBXGroup;
			children = (
				FA28C29714DB30770026F771 /* AppKit.framework */,
				FA28C29814DB30770026F771 /* CoreData.framework */,
				FA28C29914DB30770026F771 /* Foundation.framework */,
				FA24281415126A5000882451 /* Sparkle.framework */,
				FA0E3FB514F2CB5B00DBD9DB /* WebKit.framework */,
				FA6B9C9414EC0AE5006DD9D0 /* libxml2.dylib */,
				FA28C29414DB30770026F771 /* Cocoa.framework */,
				FA17936D14F690020080BBAF /* InstallerPlugins.framework */,
			);
			name = Frameworks;
			sourceTree = "<group>";
		};
		FA28C29A14DB30770026F771 /* Torrent Hunter */ = {
			isa = PBXGroup;
			children = (
				FA353C3114FD3D4000F7BD36 /* AppDelegate.h */,
				FA353C3214FD3D4000F7BD36 /* AppDelegate.m */,
				FA353C3314FD3D4000F7BD36 /* ParseWeb.h */,
				FA353C3414FD3D4000F7BD36 /* ParseWeb.m */,
				FA353C3514FD3D4000F7BD36 /* TableViewController.h */,
				FA353C3614FD3D4000F7BD36 /* TableViewController.m */,
				FA353C3714FD3D4000F7BD36 /* Torrent.h */,
				FA353C3814FD3D4000F7BD36 /* Torrent.m */,
			);
			path = "Torrent Hunter";
			sourceTree = "<group>";
		};
		FA28C29B14DB30770026F771 /* Supporting Files */ = {
			isa = PBXGroup;
			children = (
				FABD1CD1151553BE00167776 /* Localizable.strings */,
				FA353C5114FD3EB500F7BD36 /* Torrent Hunter-Prefix.pch */,
				FA353C4414FD3D5800F7BD36 /* main.m */,
				FA39972614F3E33A001334C0 /* Credits.rtf */,
				FA39972814F3E33A001334C0 /* InfoPlist.strings */,
			);
			name = "Supporting Files";
			path = "Torrent Hunter";
			sourceTree = "<group>";
		};
		FA353C4F14FD3D8300F7BD36 /* Images */ = {
			isa = PBXGroup;
			children = (
				FA909ACB150A172E0046C653 /* icon.icns */,
				FA353C4914FD3D8000F7BD36 /* favicon_dem.png */,
				FA353C4A14FD3D8000F7BD36 /* favicon_tpb.png */,
			);
			name = Images;
			sourceTree = "<group>";
		};
		FA6B9C8C14EC0A25006DD9D0 /* HTMLParser */ = {
			isa = PBXGroup;
			children = (
				FA353C3E14FD3D4C00F7BD36 /* HTMLNode.h */,
				FA353C3F14FD3D4C00F7BD36 /* HTMLNode.m */,
				FA353C4014FD3D4C00F7BD36 /* HTMLParser.h */,
				FA353C4114FD3D4C00F7BD36 /* HTMLParser.m */,
			);
			name = HTMLParser;
			path = "Torrent Hunter";
			sourceTree = "<group>";
		};
		FAE4E0BC14E177BD0022AF4F /* Other sources */ = {
			isa = PBXGroup;
			children = (
				FA353C4F14FD3D8300F7BD36 /* Images */,
				FA39972C14F3E342001334C0 /* MainMenu.xib */,
				FA6B9C8C14EC0A25006DD9D0 /* HTMLParser */,
				FA28C29B14DB30770026F771 /* Supporting Files */,
			);
			name = "Other sources";
			sourceTree = "<group>";
		};
/* End PBXGroup section */

/* Begin PBXNativeTarget section */
		FA17936A14F690020080BBAF /* TH */ = {
			isa = PBXNativeTarget;
			buildConfigurationList = FA17938314F690020080BBAF /* Build configuration list for PBXNativeTarget "TH" */;
			buildPhases = (
				FA17936714F690020080BBAF /* Sources */,
				FA17936814F690020080BBAF /* Frameworks */,
				FA17936914F690020080BBAF /* Resources */,
			);
			buildRules = (
			);
			dependencies = (
			);
			name = TH;
			productName = TH;
			productReference = FA17936B14F690020080BBAF /* TH.bundle */;
			productType = "com.apple.product-type.bundle";
		};
		FA28C28F14DB30770026F771 /* Torrent Hunter */ = {
			isa = PBXNativeTarget;
			buildConfigurationList = FA28C2C214DB30770026F771 /* Build configuration list for PBXNativeTarget "Torrent Hunter" */;
			buildPhases = (
				FA28C28C14DB30770026F771 /* Sources */,
				FA28C28D14DB30770026F771 /* Frameworks */,
				FA28C28E14DB30770026F771 /* Resources */,
				FA24281F1512873A00882451 /* CopyFiles */,
			);
			buildRules = (
			);
			dependencies = (
			);
			name = "Torrent Hunter";
			productName = "Torrent Hunter";
			productReference = FA28C29014DB30770026F771 /* Torrent Hunter.app */;
			productType = "com.apple.product-type.application";
		};
/* End PBXNativeTarget section */

/* Begin PBXProject section */
		FA28C28714DB30770026F771 /* Project object */ = {
			isa = PBXProject;
			attributes = {
				LastUpgradeCheck = 0730;
			};
			buildConfigurationList = FA28C28A14DB30770026F771 /* Build configuration list for PBXProject "Torrent Hunter" */;
			compatibilityVersion = "Xcode 3.2";
			developmentRegion = English;
			hasScannedForEncodings = 0;
			knownRegions = (
				en,
				es,
			);
			mainGroup = FA28C28514DB30770026F771;
			productRefGroup = FA28C29114DB30770026F771 /* Products */;
			projectDirPath = "";
			projectRoot = "";
			targets = (
				FA28C28F14DB30770026F771 /* Torrent Hunter */,
				FA17936A14F690020080BBAF /* TH */,
			);
		};
/* End PBXProject section */

/* Begin PBXResourcesBuildPhase section */
		FA17936914F690020080BBAF /* Resources */ = {
			isa = PBXResourcesBuildPhase;
			buildActionMask = 2147483647;
			files = (
			);
			runOnlyForDeploymentPostprocessing = 0;
		};
		FA28C28E14DB30770026F771 /* Resources */ = {
			isa = PBXResourcesBuildPhase;
			buildActionMask = 2147483647;
			files = (
				FA39972A14F3E33A001334C0 /* Credits.rtf in Resources */,
				FA39972B14F3E33A001334C0 /* InfoPlist.strings in Resources */,
				FA39972E14F3E342001334C0 /* MainMenu.xib in Resources */,
				FA353C4C14FD3D8000F7BD36 /* favicon_dem.png in Resources */,
				FA353C4D14FD3D8000F7BD36 /* favicon_tpb.png in Resources */,
				FA909ACC150A172E0046C653 /* icon.icns in Resources */,
				FA043EBC15129899000D5559 /* dsa_pub.pem in Resources */,
				FABD1CD3151553BE00167776 /* Localizable.strings in Resources */,
			);
			runOnlyForDeploymentPostprocessing = 0;
		};
/* End PBXResourcesBuildPhase section */

/* Begin PBXSourcesBuildPhase section */
		FA17936714F690020080BBAF /* Sources */ = {
			isa = PBXSourcesBuildPhase;
			buildActionMask = 2147483647;
			files = (
			);
			runOnlyForDeploymentPostprocessing = 0;
		};
		FA28C28C14DB30770026F771 /* Sources */ = {
			isa = PBXSourcesBuildPhase;
			buildActionMask = 2147483647;
			files = (
				FA353C3914FD3D4000F7BD36 /* AppDelegate.m in Sources */,
				FA353C3A14FD3D4000F7BD36 /* ParseWeb.m in Sources */,
				FA353C3B14FD3D4000F7BD36 /* TableViewController.m in Sources */,
				FA353C3C14FD3D4000F7BD36 /* Torrent.m in Sources */,
				FA353C4214FD3D4C00F7BD36 /* HTMLNode.m in Sources */,
				FA353C4314FD3D4C00F7BD36 /* HTMLParser.m in Sources */,
				FA353C4714FD3D5800F7BD36 /* main.m in Sources */,
			);
			runOnlyForDeploymentPostprocessing = 0;
		};
/* End PBXSourcesBuildPhase section */

/* Begin PBXVariantGroup section */
		FA39972614F3E33A001334C0 /* Credits.rtf */ = {
			isa = PBXVariantGroup;
			children = (
				FA39972714F3E33A001334C0 /* es */,
				FA92DC261D353F4A0071562E /* en */,
			);
			name = Credits.rtf;
			sourceTree = "<group>";
		};
		FA39972814F3E33A001334C0 /* InfoPlist.strings */ = {
			isa = PBXVariantGroup;
			children = (
				FA39972914F3E33A001334C0 /* es */,
				FA92DC281D353F680071562E /* en */,
			);
			name = InfoPlist.strings;
			sourceTree = "<group>";
		};
		FA39972C14F3E342001334C0 /* MainMenu.xib */ = {
			isa = PBXVariantGroup;
			children = (
				FA39972D14F3E342001334C0 /* es */,
				FA92DC271D353F560071562E /* en */,
			);
			name = MainMenu.xib;
			sourceTree = "<group>";
		};
		FABD1CD1151553BE00167776 /* Localizable.strings */ = {
			isa = PBXVariantGroup;
			children = (
				FABD1CD2151553BE00167776 /* en */,
				FABD1CD4151553CD00167776 /* es */,
			);
			name = Localizable.strings;
			sourceTree = "<group>";
		};
/* End PBXVariantGroup section */

/* Begin XCBuildConfiguration section */
		FA17938114F690020080BBAF /* Debug */ = {
			isa = XCBuildConfiguration;
			buildSettings = {
				COMBINE_HIDPI_IMAGES = YES;
				GCC_PRECOMPILE_PREFIX_HEADER = YES;
				GCC_PREFIX_HEADER = "TH/TH-Prefix.pch";
				INFOPLIST_FILE = "TH/TH-Info.plist";
				INSTALL_PATH = "$(HOME)/Library/Bundles";
				PRODUCT_NAME = "$(TARGET_NAME)";
				WRAPPER_EXTENSION = bundle;
			};
			name = Debug;
		};
		FA17938214F690020080BBAF /* Release */ = {
			isa = XCBuildConfiguration;
			buildSettings = {
				COMBINE_HIDPI_IMAGES = YES;
				GCC_PRECOMPILE_PREFIX_HEADER = YES;
				GCC_PREFIX_HEADER = "TH/TH-Prefix.pch";
				INFOPLIST_FILE = "TH/TH-Info.plist";
				INSTALL_PATH = "$(HOME)/Library/Bundles";
				PRODUCT_NAME = "$(TARGET_NAME)";
				WRAPPER_EXTENSION = bundle;
			};
			name = Release;
		};
		FA28C2C014DB30770026F771 /* Debug */ = {
			isa = XCBuildConfiguration;
			buildSettings = {
				ALWAYS_SEARCH_USER_PATHS = NO;
				CLANG_ENABLE_OBJC_ARC = YES;
				CLANG_WARN_BOOL_CONVERSION = YES;
				CLANG_WARN_CONSTANT_CONVERSION = YES;
				CLANG_WARN_EMPTY_BODY = YES;
				CLANG_WARN_ENUM_CONVERSION = YES;
				CLANG_WARN_INT_CONVERSION = YES;
				CLANG_WARN_UNREACHABLE_CODE = YES;
				CLANG_WARN__DUPLICATE_METHOD_MATCH = YES;
				COPY_PHASE_STRIP = NO;
				ENABLE_STRICT_OBJC_MSGSEND = YES;
				ENABLE_TESTABILITY = YES;
				GCC_C_LANGUAGE_STANDARD = gnu99;
				GCC_DYNAMIC_NO_PIC = NO;
				GCC_ENABLE_OBJC_EXCEPTIONS = YES;
				GCC_NO_COMMON_BLOCKS = YES;
				GCC_OPTIMIZATION_LEVEL = 0;
				GCC_PREPROCESSOR_DEFINITIONS = (
					"DEBUG=1",
					"$(inherited)",
				);
				GCC_SYMBOLS_PRIVATE_EXTERN = NO;
				GCC_VERSION = com.apple.compilers.llvm.clang.1_0;
				GCC_WARN_64_TO_32_BIT_CONVERSION = YES;
				GCC_WARN_ABOUT_MISSING_PROTOTYPES = YES;
				GCC_WARN_ABOUT_RETURN_TYPE = YES;
				GCC_WARN_UNDECLARED_SELECTOR = YES;
				GCC_WARN_UNINITIALIZED_AUTOS = YES;
				GCC_WARN_UNUSED_FUNCTION = YES;
				GCC_WARN_UNUSED_VARIABLE = YES;
				MACOSX_DEPLOYMENT_TARGET = 10.7;
				ONLY_ACTIVE_ARCH = YES;
				SDKROOT = macosx;
			};
			name = Debug;
		};
		FA28C2C114DB30770026F771 /* Release */ = {
			isa = XCBuildConfiguration;
			buildSettings = {
				ALWAYS_SEARCH_USER_PATHS = NO;
				CLANG_ENABLE_OBJC_ARC = YES;
				CLANG_WARN_BOOL_CONVERSION = YES;
				CLANG_WARN_CONSTANT_CONVERSION = YES;
				CLANG_WARN_EMPTY_BODY = YES;
				CLANG_WARN_ENUM_CONVERSION = YES;
				CLANG_WARN_INT_CONVERSION = YES;
				CLANG_WARN_UNREACHABLE_CODE = YES;
				CLANG_WARN__DUPLICATE_METHOD_MATCH = YES;
				COPY_PHASE_STRIP = YES;
				DEBUG_INFORMATION_FORMAT = "dwarf-with-dsym";
				ENABLE_STRICT_OBJC_MSGSEND = YES;
				GCC_C_LANGUAGE_STANDARD = gnu99;
				GCC_ENABLE_OBJC_EXCEPTIONS = YES;
				GCC_NO_COMMON_BLOCKS = YES;
				GCC_VERSION = com.apple.compilers.llvm.clang.1_0;
				GCC_WARN_64_TO_32_BIT_CONVERSION = YES;
				GCC_WARN_ABOUT_MISSING_PROTOTYPES = YES;
				GCC_WARN_ABOUT_RETURN_TYPE = YES;
				GCC_WARN_UNDECLARED_SELECTOR = YES;
				GCC_WARN_UNINITIALIZED_AUTOS = YES;
				GCC_WARN_UNUSED_FUNCTION = YES;
				GCC_WARN_UNUSED_VARIABLE = YES;
				MACOSX_DEPLOYMENT_TARGET = 10.7;
				SDKROOT = macosx;
			};
			name = Release;
		};
		FA28C2C314DB30770026F771 /* Debug */ = {
			isa = XCBuildConfiguration;
			buildSettings = {
				COMBINE_HIDPI_IMAGES = YES;
				FRAMEWORK_SEARCH_PATHS = (
					"$(inherited)",
					"\"$(SRCROOT)\"",
				);
				GCC_PRECOMPILE_PREFIX_HEADER = YES;
				GCC_PREFIX_HEADER = "Torrent Hunter/Torrent Hunter-Prefix.pch";
				HEADER_SEARCH_PATHS = /usr/include/libxml2;
				INFOPLIST_FILE = "Torrent Hunter/Torrent Hunter-Info.plist";
				PRODUCT_BUNDLE_IDENTIFIER = "org.AH-Develop.torrent-hunter";
				PRODUCT_NAME = "$(TARGET_NAME)";
				WRAPPER_EXTENSION = app;
			};
			name = Debug;
		};
		FA28C2C414DB30770026F771 /* Release */ = {
			isa = XCBuildConfiguration;
			buildSettings = {
				COMBINE_HIDPI_IMAGES = YES;
				FRAMEWORK_SEARCH_PATHS = (
					"$(inherited)",
					"\"$(SRCROOT)\"",
				);
				GCC_PRECOMPILE_PREFIX_HEADER = YES;
				GCC_PREFIX_HEADER = "Torrent Hunter/Torrent Hunter-Prefix.pch";
				HEADER_SEARCH_PATHS = /usr/include/libxml2;
				INFOPLIST_FILE = "Torrent Hunter/Torrent Hunter-Info.plist";
				PRODUCT_BUNDLE_IDENTIFIER = "org.AH-Develop.torrent-hunter";
				PRODUCT_NAME = "$(TARGET_NAME)";
				WRAPPER_EXTENSION = app;
			};
			name = Release;
		};
/* End XCBuildConfiguration section */

/* Begin XCConfigurationList section */
		FA17938314F690020080BBAF /* Build configuration list for PBXNativeTarget "TH" */ = {
			isa = XCConfigurationList;
			buildConfigurations = (
				FA17938114F690020080BBAF /* Debug */,
				FA17938214F690020080BBAF /* Release */,
			);
			defaultConfigurationIsVisible = 0;
			defaultConfigurationName = Release;
		};
		FA28C28A14DB30770026F771 /* Build configuration list for PBXProject "Torrent Hunter" */ = {
			isa = XCConfigurationList;
			buildConfigurations = (
				FA28C2C014DB30770026F771 /* Debug */,
				FA28C2C114DB30770026F771 /* Release */,
			);
			defaultConfigurationIsVisible = 0;
			defaultConfigurationName = Release;
		};
		FA28C2C214DB30770026F771 /* Build configuration list for PBXNativeTarget "Torrent Hunter" */ = {
			isa = XCConfigurationList;
			buildConfigurations = (
				FA28C2C314DB30770026F771 /* Debug */,
				FA28C2C414DB30770026F771 /* Release */,
			);
			defaultConfigurationIsVisible = 0;
			defaultConfigurationName = Release;
		};
/* End XCConfigurationList section */
	};
	rootObject = FA28C28714DB30770026F771 /* Project object */;
}
